// !$*UTF8*$!
{
	archiveVersion = 1;
	classes = {
	};
	objectVersion = 42;
	objects = {

/* Begin PBXBuildFile section */
		35045BC1129F00BB0085F423 /* dashboard.cpp in Sources */ = {isa = PBXBuildFile; fileRef = 35045BC0129F00BB0085F423 /* dashboard.cpp */; };
		353939C512AEB7A1003DF5D6 /* chat.cpp in Sources */ = {isa = PBXBuildFile; fileRef = 353939C412AEB7A1003DF5D6 /* chat.cpp */; };
		35393A5012AEBEC5003DF5D6 /* chat.cpp in Sources */ = {isa = PBXBuildFile; fileRef = 35393A4F12AEBEC5003DF5D6 /* chat.cpp */; };
		3545F6B9129FB59100ED38D6 /* messages.cpp in Sources */ = {isa = PBXBuildFile; fileRef = 3545F6B8129FB59100ED38D6 /* messages.cpp */; };
		3545F6D7129FB78900ED38D6 /* messages.cpp in Sources */ = {isa = PBXBuildFile; fileRef = 3545F6B8129FB59100ED38D6 /* messages.cpp */; };
		355A91A912AD57DB0022C645 /* RakNetFramework.framework in Copy Frameworks */ = {isa = PBXBuildFile; fileRef = 3573EF48128BC3FF00CA25DB /* RakNetFramework.framework */; };
		356418E1129DAB6B00446DBE /* libmysqlpp_d.dylib in Frameworks */ = {isa = PBXBuildFile; fileRef = 356418E0129DAB6B00446DBE /* libmysqlpp_d.dylib */; };
		3564193C129DB42B00446DBE /* usermanager.cpp in Sources */ = {isa = PBXBuildFile; fileRef = 3564193B129DB42B00446DBE /* usermanager.cpp */; };
		356419D3129DBE3C00446DBE /* libmysqlclient.dylib in Frameworks */ = {isa = PBXBuildFile; fileRef = 356419D2129DBE3C00446DBE /* libmysqlclient.dylib */; };
		356B46D112BCE62000276482 /* guichan.framework in Frameworks */ = {isa = PBXBuildFile; fileRef = 356B46D012BCE62000276482 /* guichan.framework */; };
		356B46D412BCE62B00276482 /* guichan.framework in Copy Frameworks */ = {isa = PBXBuildFile; fileRef = 356B46D012BCE62000276482 /* guichan.framework */; };
		356E46B812A80B6E0082A4ED /* lazysprite.cpp in Sources */ = {isa = PBXBuildFile; fileRef = 356E46B712A80B6E0082A4ED /* lazysprite.cpp */; };
		35729804129E4ADC00778193 /* sha1.cpp in Sources */ = {isa = PBXBuildFile; fileRef = 35729803129E4ADC00778193 /* sha1.cpp */; };
		3573EF49128BC3FF00CA25DB /* RakNetFramework.framework in Frameworks */ = {isa = PBXBuildFile; fileRef = 3573EF48128BC3FF00CA25DB /* RakNetFramework.framework */; };
		357B8D6D12884EFC007A2E03 /* main.cpp in Sources */ = {isa = PBXBuildFile; fileRef = 35D3ABAB128456750080187E /* main.cpp */; };
		358AE0BA1250BE34007AA254 /* SFML.framework in Copy Frameworks */ = {isa = PBXBuildFile; fileRef = A01FB6CD0F07CFF2000AAC7B /* SFML.framework */; };
		358AE0BB1250BE34007AA254 /* sfml-audio.framework in Copy Frameworks */ = {isa = PBXBuildFile; fileRef = 35B6E956120016D1000FB887 /* sfml-audio.framework */; };
		35AE0983128C487000923BBB /* resources in Resources */ = {isa = PBXBuildFile; fileRef = 35AE095A128C486F00923BBB /* resources */; };
		35AE09E5128C62B700923BBB /* RakNetFramework.framework in Frameworks */ = {isa = PBXBuildFile; fileRef = 3573EF48128BC3FF00CA25DB /* RakNetFramework.framework */; };
		35B217D112A0096C00065C51 /* charactermanager.cpp in Sources */ = {isa = PBXBuildFile; fileRef = 35B217CF12A0096100065C51 /* charactermanager.cpp */; };
		35B4240812927BE8003ECA3C /* user.cpp in Sources */ = {isa = PBXBuildFile; fileRef = 35B423F81292799E003ECA3C /* user.cpp */; };
		35B6E958120016D1000FB887 /* sfml-audio.framework in Frameworks */ = {isa = PBXBuildFile; fileRef = 35B6E956120016D1000FB887 /* sfml-audio.framework */; };
		35BC97311291ED1200852DEF /* player.cpp in Sources */ = {isa = PBXBuildFile; fileRef = 35BC97301291ED1200852DEF /* player.cpp */; };
		35C8379D128DAA3C0037AEED /* networkmanager.cpp in Sources */ = {isa = PBXBuildFile; fileRef = 35C8379C128DAA3C0037AEED /* networkmanager.cpp */; };
		35D3AB52128454C50080187E /* player.cpp in Sources */ = {isa = PBXBuildFile; fileRef = 35D3AAFE128454C50080187E /* player.cpp */; };
		35D3AB53128454C50080187E /* world.cpp in Sources */ = {isa = PBXBuildFile; fileRef = 35D3AB00128454C50080187E /* world.cpp */; };
		35D3AB54128454C50080187E /* animatedsprite.cpp in Sources */ = {isa = PBXBuildFile; fileRef = 35D3AB03128454C50080187E /* animatedsprite.cpp */; };
		35D3AB55128454C50080187E /* animation.cpp in Sources */ = {isa = PBXBuildFile; fileRef = 35D3AB05128454C50080187E /* animation.cpp */; };
		35D3AB56128454C50080187E /* config.cpp in Sources */ = {isa = PBXBuildFile; fileRef = 35D3AB07128454C50080187E /* config.cpp */; };
		35D3AB57128454C50080187E /* entity.cpp in Sources */ = {isa = PBXBuildFile; fileRef = 35D3AB09128454C50080187E /* entity.cpp */; };
		35D3AB58128454C50080187E /* entitymanager.cpp in Sources */ = {isa = PBXBuildFile; fileRef = 35D3AB0B128454C50080187E /* entitymanager.cpp */; };
		35D3AB59128454C50080187E /* exception.cpp in Sources */ = {isa = PBXBuildFile; fileRef = 35D3AB0D128454C50080187E /* exception.cpp */; };
		35D3AB5A128454C50080187E /* gaem.cpp in Sources */ = {isa = PBXBuildFile; fileRef = 35D3AB0F128454C50080187E /* gaem.cpp */; };
		35D3AB5B128454C50080187E /* menumanager.cpp in Sources */ = {isa = PBXBuildFile; fileRef = 35D3AB11128454C50080187E /* menumanager.cpp */; };
		35D3AB5D128454C50080187E /* resourcemanager.cpp in Sources */ = {isa = PBXBuildFile; fileRef = 35D3AB14128454C50080187E /* resourcemanager.cpp */; };
		35D3AB5E128454C50080187E /* sprite.cpp in Sources */ = {isa = PBXBuildFile; fileRef = 35D3AB16128454C50080187E /* sprite.cpp */; };
		35D3AB60128454C50080187E /* main.cpp in Sources */ = {isa = PBXBuildFile; fileRef = 35D3AB19128454C50080187E /* main.cpp */; };
		35D3AB61128454C50080187E /* alert.cpp in Sources */ = {isa = PBXBuildFile; fileRef = 35D3AB1B128454C50080187E /* alert.cpp */; };
		35D3AB62128454C50080187E /* developer.cpp in Sources */ = {isa = PBXBuildFile; fileRef = 35D3AB1D128454C50080187E /* developer.cpp */; };
		35D3AB63128454C50080187E /* loading.cpp in Sources */ = {isa = PBXBuildFile; fileRef = 35D3AB1F128454C50080187E /* loading.cpp */; };
		35D3AB64128454C50080187E /* main.cpp in Sources */ = {isa = PBXBuildFile; fileRef = 35D3AB21128454C50080187E /* main.cpp */; };
		35D3AB65128454C50080187E /* myutilities.cpp in Sources */ = {isa = PBXBuildFile; fileRef = 35D3AB25128454C50080187E /* myutilities.cpp */; };
		35D3AB7D128454C50080187E /* animationdemo.cpp in Sources */ = {isa = PBXBuildFile; fileRef = 35D3AB48128454C50080187E /* animationdemo.cpp */; };
		35D3AB7E128454C50080187E /* fixedlabel.cpp in Sources */ = {isa = PBXBuildFile; fileRef = 35D3AB4A128454C50080187E /* fixedlabel.cpp */; };
		35D3AB7F128454C50080187E /* image.cpp in Sources */ = {isa = PBXBuildFile; fileRef = 35D3AB4C128454C50080187E /* image.cpp */; };
		35D3AB80128454C50080187E /* informationtable.cpp in Sources */ = {isa = PBXBuildFile; fileRef = 35D3AB4E128454C50080187E /* informationtable.cpp */; };
		35D3AB81128454C50080187E /* passwordfield.cpp in Sources */ = {isa = PBXBuildFile; fileRef = 35D3AB50128454C50080187E /* passwordfield.cpp */; };
		35D3ABBD128459430080187E /* sfml-system.framework in Frameworks */ = {isa = PBXBuildFile; fileRef = A01FB6CB0F07CFF2000AAC7B /* sfml-system.framework */; };
		35D3ACD1128491440080187E /* server.cpp in Sources */ = {isa = PBXBuildFile; fileRef = 35D3ACD0128491440080187E /* server.cpp */; };
		35F84A2012915F4900E42D1C /* connectionstatus.cpp in Sources */ = {isa = PBXBuildFile; fileRef = 35F84A1F12915F4900E42D1C /* connectionstatus.cpp */; };
		A0072ADE0F1D0EC500B4A594 /* sfml-system.framework in Copy Frameworks */ = {isa = PBXBuildFile; fileRef = A01FB6CB0F07CFF2000AAC7B /* sfml-system.framework */; };
		A0072ADF0F1D0EC500B4A594 /* sfml-window.framework in Copy Frameworks */ = {isa = PBXBuildFile; fileRef = A01FB6CC0F07CFF2000AAC7B /* sfml-window.framework */; };
		A0072AE00F1D0EC500B4A594 /* sfml-graphics.framework in Copy Frameworks */ = {isa = PBXBuildFile; fileRef = A01FB6CA0F07CFF2000AAC7B /* sfml-graphics.framework */; };
		A01FB6CE0F07CFF2000AAC7B /* sfml-graphics.framework in Frameworks */ = {isa = PBXBuildFile; fileRef = A01FB6CA0F07CFF2000AAC7B /* sfml-graphics.framework */; };
		A01FB6CF0F07CFF2000AAC7B /* sfml-system.framework in Frameworks */ = {isa = PBXBuildFile; fileRef = A01FB6CB0F07CFF2000AAC7B /* sfml-system.framework */; };
		A01FB6D00F07CFF2000AAC7B /* sfml-window.framework in Frameworks */ = {isa = PBXBuildFile; fileRef = A01FB6CC0F07CFF2000AAC7B /* sfml-window.framework */; };
/* End PBXBuildFile section */

/* Begin PBXCopyFilesBuildPhase section */
		A0072AF00F1D0EDD00B4A594 /* Copy Frameworks */ = {
			isa = PBXCopyFilesBuildPhase;
			buildActionMask = 2147483647;
			dstPath = "";
			dstSubfolderSpec = 10;
			files = (
				356B46D412BCE62B00276482 /* guichan.framework in Copy Frameworks */,
				355A91A912AD57DB0022C645 /* RakNetFramework.framework in Copy Frameworks */,
				358AE0BA1250BE34007AA254 /* SFML.framework in Copy Frameworks */,
				358AE0BB1250BE34007AA254 /* sfml-audio.framework in Copy Frameworks */,
				A0072ADE0F1D0EC500B4A594 /* sfml-system.framework in Copy Frameworks */,
				A0072ADF0F1D0EC500B4A594 /* sfml-window.framework in Copy Frameworks */,
				A0072AE00F1D0EC500B4A594 /* sfml-graphics.framework in Copy Frameworks */,
			);
			name = "Copy Frameworks";
			runOnlyForDeploymentPostprocessing = 0;
		};
/* End PBXCopyFilesBuildPhase section */

/* Begin PBXFileReference section */
		35045BBF129F00BB0085F423 /* dashboard.h */ = {isa = PBXFileReference; fileEncoding = 4; lastKnownFileType = sourcecode.c.h; path = dashboard.h; sourceTree = "<group>"; };
		35045BC0129F00BB0085F423 /* dashboard.cpp */ = {isa = PBXFileReference; fileEncoding = 4; lastKnownFileType = sourcecode.cpp.cpp; path = dashboard.cpp; sourceTree = "<group>"; };
		353939C312AEB7A1003DF5D6 /* chat.h */ = {isa = PBXFileReference; fileEncoding = 4; lastKnownFileType = sourcecode.c.h; path = chat.h; sourceTree = "<group>"; };
		353939C412AEB7A1003DF5D6 /* chat.cpp */ = {isa = PBXFileReference; fileEncoding = 4; lastKnownFileType = sourcecode.cpp.cpp; path = chat.cpp; sourceTree = "<group>"; };
		35393A4E12AEBEC5003DF5D6 /* chat.h */ = {isa = PBXFileReference; fileEncoding = 4; lastKnownFileType = sourcecode.c.h; path = chat.h; sourceTree = "<group>"; };
		35393A4F12AEBEC5003DF5D6 /* chat.cpp */ = {isa = PBXFileReference; fileEncoding = 4; lastKnownFileType = sourcecode.cpp.cpp; path = chat.cpp; sourceTree = "<group>"; };
		3545F6B8129FB59100ED38D6 /* messages.cpp */ = {isa = PBXFileReference; fileEncoding = 4; lastKnownFileType = sourcecode.cpp.cpp; path = messages.cpp; sourceTree = "<group>"; };
		356418E0129DAB6B00446DBE /* libmysqlpp_d.dylib */ = {isa = PBXFileReference; lastKnownFileType = "compiled.mach-o.dylib"; name = libmysqlpp_d.dylib; path = /usr/local/lib/libmysqlpp_d.dylib; sourceTree = "<absolute>"; };
		3564193A129DB42B00446DBE /* usermanager.h */ = {isa = PBXFileReference; fileEncoding = 4; lastKnownFileType = sourcecode.c.h; path = usermanager.h; sourceTree = "<group>"; };
		3564193B129DB42B00446DBE /* usermanager.cpp */ = {isa = PBXFileReference; fileEncoding = 4; lastKnownFileType = sourcecode.cpp.cpp; path = usermanager.cpp; sourceTree = "<group>"; };
		35641948129DB63C00446DBE /* types.h */ = {isa = PBXFileReference; fileEncoding = 4; lastKnownFileType = sourcecode.c.h; path = types.h; sourceTree = "<group>"; };
		356419D2129DBE3C00446DBE /* libmysqlclient.dylib */ = {isa = PBXFileReference; lastKnownFileType = "compiled.mach-o.dylib"; name = libmysqlclient.dylib; path = /opt/local/lib/mysql5/mysql/libmysqlclient.dylib; sourceTree = "<absolute>"; };
		356B46D012BCE62000276482 /* guichan.framework */ = {isa = PBXFileReference; lastKnownFileType = wrapper.framework; name = guichan.framework; path = /Users/erikandersson/Documents/Programming/Guichan/build/Debug/guichan.framework; sourceTree = "<absolute>"; };
		356B475812BD23B200276482 /* Foreverworld.app */ = {isa = PBXFileReference; explicitFileType = wrapper.application; includeInIndex = 0; path = Foreverworld.app; sourceTree = BUILT_PRODUCTS_DIR; };
		356E46B612A80B6E0082A4ED /* lazysprite.h */ = {isa = PBXFileReference; fileEncoding = 4; lastKnownFileType = sourcecode.c.h; path = lazysprite.h; sourceTree = "<group>"; };
		356E46B712A80B6E0082A4ED /* lazysprite.cpp */ = {isa = PBXFileReference; fileEncoding = 4; lastKnownFileType = sourcecode.cpp.cpp; path = lazysprite.cpp; sourceTree = "<group>"; };
		35729802129E4ADC00778193 /* sha1.h */ = {isa = PBXFileReference; fileEncoding = 4; lastKnownFileType = sourcecode.c.h; path = sha1.h; sourceTree = "<group>"; };
		35729803129E4ADC00778193 /* sha1.cpp */ = {isa = PBXFileReference; fileEncoding = 4; lastKnownFileType = sourcecode.cpp.cpp; path = sha1.cpp; sourceTree = "<group>"; };
		3573EF48128BC3FF00CA25DB /* RakNetFramework.framework */ = {isa = PBXFileReference; lastKnownFileType = wrapper.framework; name = RakNetFramework.framework; path = /Library/Frameworks/RakNetFramework.framework; sourceTree = "<absolute>"; };
		35AE095A128C486F00923BBB /* resources */ = {isa = PBXFileReference; lastKnownFileType = folder; name = resources; path = Client/resources; sourceTree = "<group>"; };
		35B217CE12A0096100065C51 /* charactermanager.h */ = {isa = PBXFileReference; fileEncoding = 4; lastKnownFileType = sourcecode.c.h; path = charactermanager.h; sourceTree = "<group>"; };
		35B217CF12A0096100065C51 /* charactermanager.cpp */ = {isa = PBXFileReference; fileEncoding = 4; lastKnownFileType = sourcecode.cpp.cpp; path = charactermanager.cpp; sourceTree = "<group>"; };
		35B423F71292799E003ECA3C /* user.h */ = {isa = PBXFileReference; fileEncoding = 4; lastKnownFileType = sourcecode.c.h; path = user.h; sourceTree = "<group>"; };
		35B423F81292799E003ECA3C /* user.cpp */ = {isa = PBXFileReference; fileEncoding = 4; lastKnownFileType = sourcecode.cpp.cpp; path = user.cpp; sourceTree = "<group>"; };
		35B6E956120016D1000FB887 /* sfml-audio.framework */ = {isa = PBXFileReference; lastKnownFileType = wrapper.framework; name = "sfml-audio.framework"; path = "/Library/Frameworks/sfml-audio.framework"; sourceTree = "<absolute>"; };
		35BC972F1291ED1200852DEF /* player.h */ = {isa = PBXFileReference; fileEncoding = 4; lastKnownFileType = sourcecode.c.h; path = player.h; sourceTree = "<group>"; };
		35BC97301291ED1200852DEF /* player.cpp */ = {isa = PBXFileReference; fileEncoding = 4; lastKnownFileType = sourcecode.cpp.cpp; path = player.cpp; sourceTree = "<group>"; };
		35C8379B128DAA3C0037AEED /* networkmanager.h */ = {isa = PBXFileReference; fileEncoding = 4; lastKnownFileType = sourcecode.c.h; path = networkmanager.h; sourceTree = "<group>"; };
		35C8379C128DAA3C0037AEED /* networkmanager.cpp */ = {isa = PBXFileReference; fileEncoding = 4; lastKnownFileType = sourcecode.cpp.cpp; path = networkmanager.cpp; sourceTree = "<group>"; };
		35D3AAFE128454C50080187E /* player.cpp */ = {isa = PBXFileReference; fileEncoding = 4; lastKnownFileType = sourcecode.cpp.cpp; path = player.cpp; sourceTree = "<group>"; };
		35D3AAFF128454C50080187E /* player.h */ = {isa = PBXFileReference; fileEncoding = 4; lastKnownFileType = sourcecode.c.h; path = player.h; sourceTree = "<group>"; };
		35D3AB00128454C50080187E /* world.cpp */ = {isa = PBXFileReference; fileEncoding = 4; lastKnownFileType = sourcecode.cpp.cpp; path = world.cpp; sourceTree = "<group>"; };
		35D3AB01128454C50080187E /* world.h */ = {isa = PBXFileReference; fileEncoding = 4; lastKnownFileType = sourcecode.c.h; path = world.h; sourceTree = "<group>"; };
		35D3AB03128454C50080187E /* animatedsprite.cpp */ = {isa = PBXFileReference; fileEncoding = 4; lastKnownFileType = sourcecode.cpp.cpp; path = animatedsprite.cpp; sourceTree = "<group>"; };
		35D3AB04128454C50080187E /* animatedsprite.h */ = {isa = PBXFileReference; fileEncoding = 4; lastKnownFileType = sourcecode.c.h; path = animatedsprite.h; sourceTree = "<group>"; };
		35D3AB05128454C50080187E /* animation.cpp */ = {isa = PBXFileReference; fileEncoding = 4; lastKnownFileType = sourcecode.cpp.cpp; path = animation.cpp; sourceTree = "<group>"; };
		35D3AB06128454C50080187E /* animation.h */ = {isa = PBXFileReference; fileEncoding = 4; lastKnownFileType = sourcecode.c.h; path = animation.h; sourceTree = "<group>"; };
		35D3AB07128454C50080187E /* config.cpp */ = {isa = PBXFileReference; fileEncoding = 4; lastKnownFileType = sourcecode.cpp.cpp; path = config.cpp; sourceTree = "<group>"; };
		35D3AB08128454C50080187E /* config.h */ = {isa = PBXFileReference; fileEncoding = 4; lastKnownFileType = sourcecode.c.h; path = config.h; sourceTree = "<group>"; };
		35D3AB09128454C50080187E /* entity.cpp */ = {isa = PBXFileReference; fileEncoding = 4; lastKnownFileType = sourcecode.cpp.cpp; path = entity.cpp; sourceTree = "<group>"; };
		35D3AB0A128454C50080187E /* entity.h */ = {isa = PBXFileReference; fileEncoding = 4; lastKnownFileType = sourcecode.c.h; path = entity.h; sourceTree = "<group>"; };
		35D3AB0B128454C50080187E /* entitymanager.cpp */ = {isa = PBXFileReference; fileEncoding = 4; lastKnownFileType = sourcecode.cpp.cpp; path = entitymanager.cpp; sourceTree = "<group>"; };
		35D3AB0C128454C50080187E /* entitymanager.h */ = {isa = PBXFileReference; fileEncoding = 4; lastKnownFileType = sourcecode.c.h; path = entitymanager.h; sourceTree = "<group>"; };
		35D3AB0D128454C50080187E /* exception.cpp */ = {isa = PBXFileReference; fileEncoding = 4; lastKnownFileType = sourcecode.cpp.cpp; path = exception.cpp; sourceTree = "<group>"; };
		35D3AB0E128454C50080187E /* exception.h */ = {isa = PBXFileReference; fileEncoding = 4; lastKnownFileType = sourcecode.c.h; path = exception.h; sourceTree = "<group>"; };
		35D3AB0F128454C50080187E /* gaem.cpp */ = {isa = PBXFileReference; fileEncoding = 4; lastKnownFileType = sourcecode.cpp.cpp; path = gaem.cpp; sourceTree = "<group>"; };
		35D3AB10128454C50080187E /* gaem.h */ = {isa = PBXFileReference; fileEncoding = 4; lastKnownFileType = sourcecode.c.h; path = gaem.h; sourceTree = "<group>"; };
		35D3AB11128454C50080187E /* menumanager.cpp */ = {isa = PBXFileReference; fileEncoding = 4; lastKnownFileType = sourcecode.cpp.cpp; path = menumanager.cpp; sourceTree = "<group>"; };
		35D3AB12128454C50080187E /* menumanager.h */ = {isa = PBXFileReference; fileEncoding = 4; lastKnownFileType = sourcecode.c.h; path = menumanager.h; sourceTree = "<group>"; };
		35D3AB14128454C50080187E /* resourcemanager.cpp */ = {isa = PBXFileReference; fileEncoding = 4; lastKnownFileType = sourcecode.cpp.cpp; path = resourcemanager.cpp; sourceTree = "<group>"; };
		35D3AB15128454C50080187E /* resourcemanager.h */ = {isa = PBXFileReference; fileEncoding = 4; lastKnownFileType = sourcecode.c.h; path = resourcemanager.h; sourceTree = "<group>"; };
		35D3AB16128454C50080187E /* sprite.cpp */ = {isa = PBXFileReference; fileEncoding = 4; lastKnownFileType = sourcecode.cpp.cpp; path = sprite.cpp; sourceTree = "<group>"; };
		35D3AB17128454C50080187E /* sprite.h */ = {isa = PBXFileReference; fileEncoding = 4; lastKnownFileType = sourcecode.c.h; path = sprite.h; sourceTree = "<group>"; };
		35D3AB18128454C50080187E /* Info.plist */ = {isa = PBXFileReference; fileEncoding = 4; lastKnownFileType = text.plist.xml; name = Info.plist; path = Client/Info.plist; sourceTree = "<group>"; };
		35D3AB19128454C50080187E /* main.cpp */ = {isa = PBXFileReference; fileEncoding = 4; lastKnownFileType = sourcecode.cpp.cpp; path = main.cpp; sourceTree = "<group>"; };
		35D3AB1B128454C50080187E /* alert.cpp */ = {isa = PBXFileReference; fileEncoding = 4; lastKnownFileType = sourcecode.cpp.cpp; path = alert.cpp; sourceTree = "<group>"; };
		35D3AB1C128454C50080187E /* alert.h */ = {isa = PBXFileReference; fileEncoding = 4; lastKnownFileType = sourcecode.c.h; path = alert.h; sourceTree = "<group>"; };
		35D3AB1D128454C50080187E /* developer.cpp */ = {isa = PBXFileReference; fileEncoding = 4; lastKnownFileType = sourcecode.cpp.cpp; path = developer.cpp; sourceTree = "<group>"; };
		35D3AB1E128454C50080187E /* developer.h */ = {isa = PBXFileReference; fileEncoding = 4; lastKnownFileType = sourcecode.c.h; path = developer.h; sourceTree = "<group>"; };
		35D3AB1F128454C50080187E /* loading.cpp */ = {isa = PBXFileReference; fileEncoding = 4; lastKnownFileType = sourcecode.cpp.cpp; path = loading.cpp; sourceTree = "<group>"; };
		35D3AB20128454C50080187E /* loading.h */ = {isa = PBXFileReference; fileEncoding = 4; lastKnownFileType = sourcecode.c.h; path = loading.h; sourceTree = "<group>"; };
		35D3AB21128454C50080187E /* main.cpp */ = {isa = PBXFileReference; fileEncoding = 4; lastKnownFileType = sourcecode.cpp.cpp; path = main.cpp; sourceTree = "<group>"; };
		35D3AB22128454C50080187E /* main.h */ = {isa = PBXFileReference; fileEncoding = 4; lastKnownFileType = sourcecode.c.h; path = main.h; sourceTree = "<group>"; };
		35D3AB24128454C50080187E /* mydirent.h */ = {isa = PBXFileReference; fileEncoding = 4; lastKnownFileType = sourcecode.c.h; path = mydirent.h; sourceTree = "<group>"; };
		35D3AB25128454C50080187E /* myutilities.cpp */ = {isa = PBXFileReference; fileEncoding = 4; lastKnownFileType = sourcecode.cpp.cpp; path = myutilities.cpp; sourceTree = "<group>"; };
		35D3AB26128454C50080187E /* myutilities.h */ = {isa = PBXFileReference; fileEncoding = 4; lastKnownFileType = sourcecode.c.h; path = myutilities.h; sourceTree = "<group>"; };
		35D3AB48128454C50080187E /* animationdemo.cpp */ = {isa = PBXFileReference; fileEncoding = 4; lastKnownFileType = sourcecode.cpp.cpp; path = animationdemo.cpp; sourceTree = "<group>"; };
		35D3AB49128454C50080187E /* animationdemo.h */ = {isa = PBXFileReference; fileEncoding = 4; lastKnownFileType = sourcecode.c.h; path = animationdemo.h; sourceTree = "<group>"; };
		35D3AB4A128454C50080187E /* fixedlabel.cpp */ = {isa = PBXFileReference; fileEncoding = 4; lastKnownFileType = sourcecode.cpp.cpp; path = fixedlabel.cpp; sourceTree = "<group>"; };
		35D3AB4B128454C50080187E /* fixedlabel.h */ = {isa = PBXFileReference; fileEncoding = 4; lastKnownFileType = sourcecode.c.h; path = fixedlabel.h; sourceTree = "<group>"; };
		35D3AB4C128454C50080187E /* image.cpp */ = {isa = PBXFileReference; fileEncoding = 4; lastKnownFileType = sourcecode.cpp.cpp; path = image.cpp; sourceTree = "<group>"; };
		35D3AB4D128454C50080187E /* image.h */ = {isa = PBXFileReference; fileEncoding = 4; lastKnownFileType = sourcecode.c.h; path = image.h; sourceTree = "<group>"; };
		35D3AB4E128454C50080187E /* informationtable.cpp */ = {isa = PBXFileReference; fileEncoding = 4; lastKnownFileType = sourcecode.cpp.cpp; path = informationtable.cpp; sourceTree = "<group>"; };
		35D3AB4F128454C50080187E /* informationtable.h */ = {isa = PBXFileReference; fileEncoding = 4; lastKnownFileType = sourcecode.c.h; path = informationtable.h; sourceTree = "<group>"; };
		35D3AB50128454C50080187E /* passwordfield.cpp */ = {isa = PBXFileReference; fileEncoding = 4; lastKnownFileType = sourcecode.cpp.cpp; path = passwordfield.cpp; sourceTree = "<group>"; };
		35D3AB51128454C50080187E /* passwordfield.h */ = {isa = PBXFileReference; fileEncoding = 4; lastKnownFileType = sourcecode.c.h; path = passwordfield.h; sourceTree = "<group>"; };
		35D3ABA4128456380080187E /* Server */ = {isa = PBXFileReference; explicitFileType = "compiled.mach-o.executable"; includeInIndex = 0; path = Server; sourceTree = BUILT_PRODUCTS_DIR; };
		35D3ABAB128456750080187E /* main.cpp */ = {isa = PBXFileReference; fileEncoding = 4; lastKnownFileType = sourcecode.cpp.cpp; path = main.cpp; sourceTree = "<group>"; };
		35D3ACCF128491440080187E /* server.h */ = {isa = PBXFileReference; fileEncoding = 4; lastKnownFileType = sourcecode.c.h; path = server.h; sourceTree = "<group>"; };
		35D3ACD0128491440080187E /* server.cpp */ = {isa = PBXFileReference; fileEncoding = 4; lastKnownFileType = sourcecode.cpp.cpp; path = server.cpp; sourceTree = "<group>"; };
		35D3ADA61284A5340080187E /* messages.h */ = {isa = PBXFileReference; fileEncoding = 4; lastKnownFileType = sourcecode.c.h; path = messages.h; sourceTree = "<group>"; };
		35F84A1E12915F4900E42D1C /* connectionstatus.h */ = {isa = PBXFileReference; fileEncoding = 4; lastKnownFileType = sourcecode.c.h; path = connectionstatus.h; sourceTree = "<group>"; };
		35F84A1F12915F4900E42D1C /* connectionstatus.cpp */ = {isa = PBXFileReference; fileEncoding = 4; lastKnownFileType = sourcecode.cpp.cpp; path = connectionstatus.cpp; sourceTree = "<group>"; };
		A01FB6CA0F07CFF2000AAC7B /* sfml-graphics.framework */ = {isa = PBXFileReference; lastKnownFileType = wrapper.framework; name = "sfml-graphics.framework"; path = "/Library/Frameworks/sfml-graphics.framework"; sourceTree = "<absolute>"; };
		A01FB6CB0F07CFF2000AAC7B /* sfml-system.framework */ = {isa = PBXFileReference; lastKnownFileType = wrapper.framework; name = "sfml-system.framework"; path = "/Library/Frameworks/sfml-system.framework"; sourceTree = "<absolute>"; };
		A01FB6CC0F07CFF2000AAC7B /* sfml-window.framework */ = {isa = PBXFileReference; lastKnownFileType = wrapper.framework; name = "sfml-window.framework"; path = "/Library/Frameworks/sfml-window.framework"; sourceTree = "<absolute>"; };
		A01FB6CD0F07CFF2000AAC7B /* SFML.framework */ = {isa = PBXFileReference; lastKnownFileType = wrapper.framework; name = SFML.framework; path = /Library/Frameworks/SFML.framework; sourceTree = "<absolute>"; };
/* End PBXFileReference section */

/* Begin PBXFrameworksBuildPhase section */
		35D3ABA2128456380080187E /* Frameworks */ = {
			isa = PBXFrameworksBuildPhase;
			buildActionMask = 2147483647;
			files = (
				35D3ABBD128459430080187E /* sfml-system.framework in Frameworks */,
				3573EF49128BC3FF00CA25DB /* RakNetFramework.framework in Frameworks */,
				356418E1129DAB6B00446DBE /* libmysqlpp_d.dylib in Frameworks */,
				356419D3129DBE3C00446DBE /* libmysqlclient.dylib in Frameworks */,
			);
			runOnlyForDeploymentPostprocessing = 0;
		};
		A01FB6A70F07CF6E000AAC7B /* Frameworks */ = {
			isa = PBXFrameworksBuildPhase;
			buildActionMask = 2147483647;
			files = (
				A01FB6CE0F07CFF2000AAC7B /* sfml-graphics.framework in Frameworks */,
				A01FB6CF0F07CFF2000AAC7B /* sfml-system.framework in Frameworks */,
				A01FB6D00F07CFF2000AAC7B /* sfml-window.framework in Frameworks */,
				35B6E958120016D1000FB887 /* sfml-audio.framework in Frameworks */,
				35AE09E5128C62B700923BBB /* RakNetFramework.framework in Frameworks */,
				356B46D112BCE62000276482 /* guichan.framework in Frameworks */,
			);
			runOnlyForDeploymentPostprocessing = 0;
		};
/* End PBXFrameworksBuildPhase section */

/* Begin PBXGroup section */
		35D3AAFC128454C50080187E /* Client */ = {
			isa = PBXGroup;
			children = (
				35D3AB19128454C50080187E /* main.cpp */,
				35D3AB02128454C50080187E /* Gaem */,
				35D3AAFD128454C50080187E /* Entities */,
				35D3AB1A128454C50080187E /* Menus */,
				35D3AB23128454C50080187E /* My */,
				35D3AB47128454C50080187E /* Widgets */,
			);
			path = Client;
			sourceTree = "<group>";
		};
		35D3AAFD128454C50080187E /* Entities */ = {
			isa = PBXGroup;
			children = (
				35D3AB00128454C50080187E /* world.cpp */,
				35D3AB01128454C50080187E /* world.h */,
				35D3AAFE128454C50080187E /* player.cpp */,
				35D3AAFF128454C50080187E /* player.h */,
				35F84A1E12915F4900E42D1C /* connectionstatus.h */,
				35F84A1F12915F4900E42D1C /* connectionstatus.cpp */,
				353939C312AEB7A1003DF5D6 /* chat.h */,
				353939C412AEB7A1003DF5D6 /* chat.cpp */,
			);
			path = Entities;
			sourceTree = "<group>";
		};
		35D3AB02128454C50080187E /* Gaem */ = {
			isa = PBXGroup;
			children = (
				35D3AB0F128454C50080187E /* gaem.cpp */,
				35D3AB10128454C50080187E /* gaem.h */,
				35D3AB07128454C50080187E /* config.cpp */,
				35D3AB08128454C50080187E /* config.h */,
				35B423F71292799E003ECA3C /* user.h */,
				35B423F81292799E003ECA3C /* user.cpp */,
				35C8379C128DAA3C0037AEED /* networkmanager.cpp */,
				35C8379B128DAA3C0037AEED /* networkmanager.h */,
				35D3AB0B128454C50080187E /* entitymanager.cpp */,
				35D3AB0C128454C50080187E /* entitymanager.h */,
				35D3AB11128454C50080187E /* menumanager.cpp */,
				35D3AB12128454C50080187E /* menumanager.h */,
				35D3AB14128454C50080187E /* resourcemanager.cpp */,
				35D3AB15128454C50080187E /* resourcemanager.h */,
				35D3AB05128454C50080187E /* animation.cpp */,
				35D3AB06128454C50080187E /* animation.h */,
				35D3AB09128454C50080187E /* entity.cpp */,
				35D3AB0A128454C50080187E /* entity.h */,
				35D3AB0D128454C50080187E /* exception.cpp */,
				35D3AB0E128454C50080187E /* exception.h */,
				35D3AB16128454C50080187E /* sprite.cpp */,
				35D3AB17128454C50080187E /* sprite.h */,
				35D3AB03128454C50080187E /* animatedsprite.cpp */,
				35D3AB04128454C50080187E /* animatedsprite.h */,
				356E46B712A80B6E0082A4ED /* lazysprite.cpp */,
				356E46B612A80B6E0082A4ED /* lazysprite.h */,
			);
			path = Gaem;
			sourceTree = "<group>";
		};
		35D3AB1A128454C50080187E /* Menus */ = {
			isa = PBXGroup;
			children = (
				35D3AB21128454C50080187E /* main.cpp */,
				35D3AB22128454C50080187E /* main.h */,
				35045BC0129F00BB0085F423 /* dashboard.cpp */,
				35045BBF129F00BB0085F423 /* dashboard.h */,
				35D3AB1D128454C50080187E /* developer.cpp */,
				35D3AB1E128454C50080187E /* developer.h */,
				35D3AB1B128454C50080187E /* alert.cpp */,
				35D3AB1C128454C50080187E /* alert.h */,
				35D3AB1F128454C50080187E /* loading.cpp */,
				35D3AB20128454C50080187E /* loading.h */,
				35393A4E12AEBEC5003DF5D6 /* chat.h */,
				35393A4F12AEBEC5003DF5D6 /* chat.cpp */,
			);
			path = Menus;
			sourceTree = "<group>";
		};
		35D3AB23128454C50080187E /* My */ = {
			isa = PBXGroup;
			children = (
				35D3AB24128454C50080187E /* mydirent.h */,
				35D3AB25128454C50080187E /* myutilities.cpp */,
				35D3AB26128454C50080187E /* myutilities.h */,
				35729802129E4ADC00778193 /* sha1.h */,
				35729803129E4ADC00778193 /* sha1.cpp */,
			);
			path = My;
			sourceTree = "<group>";
		};
		35D3AB47128454C50080187E /* Widgets */ = {
			isa = PBXGroup;
			children = (
				35D3AB48128454C50080187E /* animationdemo.cpp */,
				35D3AB49128454C50080187E /* animationdemo.h */,
				35D3AB4A128454C50080187E /* fixedlabel.cpp */,
				35D3AB4B128454C50080187E /* fixedlabel.h */,
				35D3AB4C128454C50080187E /* image.cpp */,
				35D3AB4D128454C50080187E /* image.h */,
				35D3AB4E128454C50080187E /* informationtable.cpp */,
				35D3AB4F128454C50080187E /* informationtable.h */,
				35D3AB50128454C50080187E /* passwordfield.cpp */,
				35D3AB51128454C50080187E /* passwordfield.h */,
			);
			path = Widgets;
			sourceTree = "<group>";
		};
		35D3ABAA128456610080187E /* Server */ = {
			isa = PBXGroup;
			children = (
				35D3ABAB128456750080187E /* main.cpp */,
				35641948129DB63C00446DBE /* types.h */,
				35D3ACCF128491440080187E /* server.h */,
				35D3ACD0128491440080187E /* server.cpp */,
				35BC972F1291ED1200852DEF /* player.h */,
				35BC97301291ED1200852DEF /* player.cpp */,
				3564193A129DB42B00446DBE /* usermanager.h */,
				3564193B129DB42B00446DBE /* usermanager.cpp */,
				35B217CE12A0096100065C51 /* charactermanager.h */,
				35B217CF12A0096100065C51 /* charactermanager.cpp */,
			);
			path = Server;
			sourceTree = "<group>";
		};
		35D3ADA41284A4E10080187E /* Common */ = {
			isa = PBXGroup;
			children = (
				35D3ADA61284A5340080187E /* messages.h */,
				3545F6B8129FB59100ED38D6 /* messages.cpp */,
			);
			path = Common;
			sourceTree = "<group>";
		};
		A01FB69A0F07CF63000AAC7B = {
			isa = PBXGroup;
			children = (
				A01FB6B20F07CF80000AAC7B /* Sources */,
				A01FB6B10F07CF7C000AAC7B /* Resources */,
				A01FB6B00F07CF75000AAC7B /* Frameworks */,
				A01FB6AA0F07CF6E000AAC7B /* Products */,
				356419D2129DBE3C00446DBE /* libmysqlclient.dylib */,
			);
			sourceTree = "<group>";
		};
		A01FB6AA0F07CF6E000AAC7B /* Products */ = {
			isa = PBXGroup;
			children = (
				35D3ABA4128456380080187E /* Server */,
				356B475812BD23B200276482 /* Foreverworld.app */,
			);
			name = Products;
			sourceTree = "<group>";
		};
		A01FB6B00F07CF75000AAC7B /* Frameworks */ = {
			isa = PBXGroup;
			children = (
				356418E0129DAB6B00446DBE /* libmysqlpp_d.dylib */,
				A01FB6CD0F07CFF2000AAC7B /* SFML.framework */,
				35B6E956120016D1000FB887 /* sfml-audio.framework */,
				A01FB6CB0F07CFF2000AAC7B /* sfml-system.framework */,
				A01FB6CC0F07CFF2000AAC7B /* sfml-window.framework */,
				A01FB6CA0F07CFF2000AAC7B /* sfml-graphics.framework */,
				3573EF48128BC3FF00CA25DB /* RakNetFramework.framework */,
				356B46D012BCE62000276482 /* guichan.framework */,
			);
			name = Frameworks;
			sourceTree = "<group>";
		};
		A01FB6B10F07CF7C000AAC7B /* Resources */ = {
			isa = PBXGroup;
			children = (
				35D3AB18128454C50080187E /* Info.plist */,
				35AE095A128C486F00923BBB /* resources */,
			);
			name = Resources;
			sourceTree = "<group>";
		};
		A01FB6B20F07CF80000AAC7B /* Sources */ = {
			isa = PBXGroup;
			children = (
				35D3AAFC128454C50080187E /* Client */,
				35D3ABAA128456610080187E /* Server */,
				35D3ADA41284A4E10080187E /* Common */,
			);
			name = Sources;
			sourceTree = "<group>";
		};
/* End PBXGroup section */

/* Begin PBXNativeTarget section */
		35D3ABA3128456380080187E /* Server */ = {
			isa = PBXNativeTarget;
			buildConfigurationList = 35D3ABA9128456580080187E /* Build configuration list for PBXNativeTarget "Server" */;
			buildPhases = (
				35D3ABA1128456380080187E /* Sources */,
				35D3ABA2128456380080187E /* Frameworks */,
			);
			buildRules = (
			);
			dependencies = (
			);
			name = Server;
			productName = Server;
			productReference = 35D3ABA4128456380080187E /* Server */;
			productType = "com.apple.product-type.tool";
		};
		A01FB6A80F07CF6E000AAC7B /* Foreverworld */ = {
			isa = PBXNativeTarget;
			buildConfigurationList = A01FB6AF0F07CF6F000AAC7B /* Build configuration list for PBXNativeTarget "Foreverworld" */;
			buildPhases = (
				A01FB6A50F07CF6E000AAC7B /* Resources */,
				A01FB6A60F07CF6E000AAC7B /* Sources */,
				A01FB6A70F07CF6E000AAC7B /* Frameworks */,
				A0072AF00F1D0EDD00B4A594 /* Copy Frameworks */,
			);
			buildRules = (
			);
			dependencies = (
			);
			name = Foreverworld;
			productName = Spel;
			productReference = 356B475812BD23B200276482 /* Foreverworld.app */;
			productType = "com.apple.product-type.application";
		};
/* End PBXNativeTarget section */

/* Begin PBXProject section */
		A01FB69C0F07CF63000AAC7B /* Project object */ = {
			isa = PBXProject;
			buildConfigurationList = A01FB69F0F07CF63000AAC7B /* Build configuration list for PBXProject "Spel" */;
			compatibilityVersion = "Xcode 2.4";
			developmentRegion = English;
			hasScannedForEncodings = 0;
			knownRegions = (
				English,
				Japanese,
				French,
				German,
			);
			mainGroup = A01FB69A0F07CF63000AAC7B;
			productRefGroup = A01FB6AA0F07CF6E000AAC7B /* Products */;
			projectDirPath = "";
			projectRoot = "";
			targets = (
				A01FB6A80F07CF6E000AAC7B /* Foreverworld */,
				35D3ABA3128456380080187E /* Server */,
			);
		};
/* End PBXProject section */

/* Begin PBXResourcesBuildPhase section */
		A01FB6A50F07CF6E000AAC7B /* Resources */ = {
			isa = PBXResourcesBuildPhase;
			buildActionMask = 2147483647;
			files = (
				35AE0983128C487000923BBB /* resources in Resources */,
			);
			runOnlyForDeploymentPostprocessing = 0;
		};
/* End PBXResourcesBuildPhase section */

/* Begin PBXSourcesBuildPhase section */
		35D3ABA1128456380080187E /* Sources */ = {
			isa = PBXSourcesBuildPhase;
			buildActionMask = 2147483647;
			files = (
				35D3ACD1128491440080187E /* server.cpp in Sources */,
				357B8D6D12884EFC007A2E03 /* main.cpp in Sources */,
				35BC97311291ED1200852DEF /* player.cpp in Sources */,
				3564193C129DB42B00446DBE /* usermanager.cpp in Sources */,
				3545F6D7129FB78900ED38D6 /* messages.cpp in Sources */,
				35B217D112A0096C00065C51 /* charactermanager.cpp in Sources */,
			);
			runOnlyForDeploymentPostprocessing = 0;
		};
		A01FB6A60F07CF6E000AAC7B /* Sources */ = {
			isa = PBXSourcesBuildPhase;
			buildActionMask = 2147483647;
			files = (
				35D3AB52128454C50080187E /* player.cpp in Sources */,
				35D3AB53128454C50080187E /* world.cpp in Sources */,
				35D3AB54128454C50080187E /* animatedsprite.cpp in Sources */,
				35D3AB55128454C50080187E /* animation.cpp in Sources */,
				35D3AB56128454C50080187E /* config.cpp in Sources */,
				35D3AB57128454C50080187E /* entity.cpp in Sources */,
				35D3AB58128454C50080187E /* entitymanager.cpp in Sources */,
				35D3AB59128454C50080187E /* exception.cpp in Sources */,
				35D3AB5A128454C50080187E /* gaem.cpp in Sources */,
				35D3AB5B128454C50080187E /* menumanager.cpp in Sources */,
				35D3AB5D128454C50080187E /* resourcemanager.cpp in Sources */,
				35D3AB5E128454C50080187E /* sprite.cpp in Sources */,
				35D3AB60128454C50080187E /* main.cpp in Sources */,
				35D3AB61128454C50080187E /* alert.cpp in Sources */,
				35D3AB62128454C50080187E /* developer.cpp in Sources */,
				35D3AB63128454C50080187E /* loading.cpp in Sources */,
				35D3AB64128454C50080187E /* main.cpp in Sources */,
				35D3AB65128454C50080187E /* myutilities.cpp in Sources */,
				35D3AB7D128454C50080187E /* animationdemo.cpp in Sources */,
				35D3AB7E128454C50080187E /* fixedlabel.cpp in Sources */,
				35D3AB7F128454C50080187E /* image.cpp in Sources */,
				35D3AB80128454C50080187E /* informationtable.cpp in Sources */,
				35D3AB81128454C50080187E /* passwordfield.cpp in Sources */,
				35C8379D128DAA3C0037AEED /* networkmanager.cpp in Sources */,
				35F84A2012915F4900E42D1C /* connectionstatus.cpp in Sources */,
				35B4240812927BE8003ECA3C /* user.cpp in Sources */,
				35729804129E4ADC00778193 /* sha1.cpp in Sources */,
				35045BC1129F00BB0085F423 /* dashboard.cpp in Sources */,
				3545F6B9129FB59100ED38D6 /* messages.cpp in Sources */,
				356E46B812A80B6E0082A4ED /* lazysprite.cpp in Sources */,
				353939C512AEB7A1003DF5D6 /* chat.cpp in Sources */,
				35393A5012AEBEC5003DF5D6 /* chat.cpp in Sources */,
			);
			runOnlyForDeploymentPostprocessing = 0;
		};
/* End PBXSourcesBuildPhase section */

/* Begin XCBuildConfiguration section */
		35D3ABA6128456380080187E /* Debug */ = {
			isa = XCBuildConfiguration;
			buildSettings = {
				ALWAYS_SEARCH_USER_PATHS = NO;
				COPY_PHASE_STRIP = NO;
				FRAMEWORK_SEARCH_PATHS = (
					"$(inherited)",
					"$(FRAMEWORK_SEARCH_PATHS_QUOTED_FOR_TARGET_1)",
				);
				FRAMEWORK_SEARCH_PATHS_QUOTED_FOR_TARGET_1 = "\"$(SRCROOT)/../RakNetFramework/build/Debug\"";
				GCC_DEBUGGING_SYMBOLS = full;
				GCC_DYNAMIC_NO_PIC = NO;
				GCC_ENABLE_FIX_AND_CONTINUE = YES;
				GCC_MODEL_TUNING = G5;
				GCC_OPTIMIZATION_LEVEL = 0;
				GCC_PRECOMPILE_PREFIX_HEADER = YES;
				GCC_PREFIX_HEADER = "";
				GCC_PREPROCESSOR_DEFINITIONS = "_GLIBCXX_FULLY_DYNAMIC_STRING=1";
				INSTALL_PATH = /usr/local/bin;
				LIBRARY_SEARCH_PATHS = (
					"$(inherited)",
					"$(LIBRARY_SEARCH_PATHS_QUOTED_FOR_TARGET_1)",
					/opt/local/lib/mysql5/mysql,
				);
				LIBRARY_SEARCH_PATHS_QUOTED_FOR_TARGET_1 = "\"$(SRCROOT)/../../../Downloads/RakNet-3.81/Source\"";
				OTHER_LDFLAGS = (
					"-framework",
					Foundation,
					"-framework",
					AppKit,
				);
				PREBINDING = NO;
				PRODUCT_NAME = Server;
			};
			name = Debug;
		};
		35D3ABA7128456380080187E /* Release */ = {
			isa = XCBuildConfiguration;
			buildSettings = {
				ALWAYS_SEARCH_USER_PATHS = NO;
				COPY_PHASE_STRIP = YES;
				DEBUG_INFORMATION_FORMAT = "dwarf-with-dsym";
				FRAMEWORK_SEARCH_PATHS = (
					"$(inherited)",
					"$(FRAMEWORK_SEARCH_PATHS_QUOTED_FOR_TARGET_1)",
				);
				FRAMEWORK_SEARCH_PATHS_QUOTED_FOR_TARGET_1 = "\"$(SRCROOT)/../RakNetFramework/build/Debug\"";
				GCC_ENABLE_FIX_AND_CONTINUE = NO;
				GCC_MODEL_TUNING = G5;
				GCC_PRECOMPILE_PREFIX_HEADER = YES;
				GCC_PREFIX_HEADER = "";
				GCC_PREPROCESSOR_DEFINITIONS = "_GLIBCXX_FULLY_DYNAMIC_STRING=1";
				INSTALL_PATH = /usr/local/bin;
				LIBRARY_SEARCH_PATHS = (
					"$(inherited)",
					"$(LIBRARY_SEARCH_PATHS_QUOTED_FOR_TARGET_1)",
					/opt/local/lib/mysql5/mysql,
				);
				LIBRARY_SEARCH_PATHS_QUOTED_FOR_TARGET_1 = "\"$(SRCROOT)/../../../Downloads/RakNet-3.81/Source\"";
				OTHER_LDFLAGS = (
					"-framework",
					Foundation,
					"-framework",
					AppKit,
				);
				PREBINDING = NO;
				PRODUCT_NAME = Server;
				ZERO_LINK = NO;
			};
			name = Release;
		};
		A01FB69D0F07CF63000AAC7B /* Debug */ = {
			isa = XCBuildConfiguration;
			buildSettings = {
				COPY_PHASE_STRIP = NO;
				EXCLUDED_RECURSIVE_SEARCH_PATH_SUBDIRECTORIES = ".git *.nib *.lproj *.framework *.gch *.xcode* (*) CVS .svn";
				GCC_OPTIMIZATION_LEVEL = 0;
				GCC_PREPROCESSOR_DEFINITIONS = "";
				GCC_TREAT_NONCONFORMANT_CODE_ERRORS_AS_WARNINGS = YES;
				GCC_VERSION = "";
				GCC_WARN_PEDANTIC = YES;
				HEADER_SEARCH_PATHS = (
					"/usr/local/mysql/include//**",
					"/Users/erikandersson/Documents/Programming/mysql++/lib//**",
					"/Users/erikandersson/Documents/Programming/RakNet/Source//**",
					"./**",
				);
				OTHER_CPLUSPLUSFLAGS = (
					"$(OTHER_CFLAGS)",
					"-Wall",
				);
				USER_HEADER_SEARCH_PATHS = "";
			};
			name = Debug;
		};
		A01FB69E0F07CF63000AAC7B /* Release */ = {
			isa = XCBuildConfiguration;
			buildSettings = {
				COPY_PHASE_STRIP = YES;
				HEADER_SEARCH_PATHS = (
					"/usr/local/mysql/include//**",
					"/Users/erikandersson/Documents/Programming/mysql++/lib//**",
					"/Users/erikandersson/Documents/Programming/RakNet/Source//**",
					"./**",
				);
				USER_HEADER_SEARCH_PATHS = "";
			};
			name = Release;
		};
		A01FB6AD0F07CF6F000AAC7B /* Debug */ = {
			isa = XCBuildConfiguration;
			buildSettings = {
				ALWAYS_SEARCH_USER_PATHS = NO;
				COPY_PHASE_STRIP = NO;
				FRAMEWORK_SEARCH_PATHS = (
					"$(inherited)",
					"$(FRAMEWORK_SEARCH_PATHS_QUOTED_FOR_TARGET_1)",
					"$(FRAMEWORK_SEARCH_PATHS_QUOTED_FOR_TARGET_2)",
				);
				FRAMEWORK_SEARCH_PATHS_QUOTED_FOR_TARGET_1 = "\"$(SRCROOT)/../Guichan/build/Debug\"";
				FRAMEWORK_SEARCH_PATHS_QUOTED_FOR_TARGET_2 = "\"$(SRCROOT)/../Guichan/build/Debug\"";
				GCC_DYNAMIC_NO_PIC = NO;
				GCC_ENABLE_FIX_AND_CONTINUE = YES;
				GCC_MODEL_TUNING = G5;
				GCC_OPTIMIZATION_LEVEL = 0;
				INFOPLIST_FILE = Client/Info.plist;
				INSTALL_PATH = "$(HOME)/Applications";
				LIBRARY_SEARCH_PATHS = (
					"$(inherited)",
					/opt/local/lib,
				);
				PREBINDING = NO;
				PRODUCT_NAME = Foreverworld;
			};
			name = Debug;
		};
		A01FB6AE0F07CF6F000AAC7B /* Release */ = {
			isa = XCBuildConfiguration;
			buildSettings = {
				ALWAYS_SEARCH_USER_PATHS = NO;
				COPY_PHASE_STRIP = YES;
				DEBUG_INFORMATION_FORMAT = "dwarf-with-dsym";
				FRAMEWORK_SEARCH_PATHS = (
					"$(inherited)",
					"$(FRAMEWORK_SEARCH_PATHS_QUOTED_FOR_TARGET_1)",
					"$(FRAMEWORK_SEARCH_PATHS_QUOTED_FOR_TARGET_2)",
				);
				FRAMEWORK_SEARCH_PATHS_QUOTED_FOR_TARGET_1 = "\"$(SRCROOT)/../Guichan/build/Debug\"";
				FRAMEWORK_SEARCH_PATHS_QUOTED_FOR_TARGET_2 = "\"$(SRCROOT)/../Guichan/build/Debug\"";
				GCC_ENABLE_FIX_AND_CONTINUE = NO;
				GCC_MODEL_TUNING = G5;
				INFOPLIST_FILE = Client/Info.plist;
				INSTALL_PATH = "$(HOME)/Applications";
				LIBRARY_SEARCH_PATHS = (
					"$(inherited)",
					/opt/local/lib,
				);
				PREBINDING = NO;
				PRODUCT_NAME = Foreverworld;
				ZERO_LINK = NO;
			};
			name = Release;
		};
/* End XCBuildConfiguration section */

/* Begin XCConfigurationList section */
		35D3ABA9128456580080187E /* Build configuration list for PBXNativeTarget "Server" */ = {
			isa = XCConfigurationList;
			buildConfigurations = (
				35D3ABA6128456380080187E /* Debug */,
				35D3ABA7128456380080187E /* Release */,
			);
			defaultConfigurationIsVisible = 0;
			defaultConfigurationName = Release;
		};
		A01FB69F0F07CF63000AAC7B /* Build configuration list for PBXProject "Spel" */ = {
			isa = XCConfigurationList;
			buildConfigurations = (
				A01FB69D0F07CF63000AAC7B /* Debug */,
				A01FB69E0F07CF63000AAC7B /* Release */,
			);
			defaultConfigurationIsVisible = 0;
			defaultConfigurationName = Release;
		};
		A01FB6AF0F07CF6F000AAC7B /* Build configuration list for PBXNativeTarget "Foreverworld" */ = {
			isa = XCConfigurationList;
			buildConfigurations = (
				A01FB6AD0F07CF6F000AAC7B /* Debug */,
				A01FB6AE0F07CF6F000AAC7B /* Release */,
			);
			defaultConfigurationIsVisible = 0;
			defaultConfigurationName = Release;
		};
/* End XCConfigurationList section */
	};
	rootObject = A01FB69C0F07CF63000AAC7B /* Project object */;
}
